
Microsoft Visual Studio Solution File, Format Version 12.00
# Visual Studio Version 16
VisualStudioVersion = 16.0.30413.136
MinimumVisualStudioVersion = 10.0.40219.1
Project("{FAE04EC0-301F-11D3-BF4B-00C04F79EFBC}") = "WordsApp", "WordsApp\WordsApp.csproj", "{B2288DB6-CF50-43AB-B862-6A7E4552C13D}"
EndProject
Global
	GlobalSection(SolutionConfigurationPlatforms) = preSolution
		Debug|Any CPU = Debug|Any CPU
		Release|Any CPU = Release|Any CPU
	EndGlobalSection
	GlobalSection(ProjectConfigurationPlatforms) = postSolution
		{B2288DB6-CF50-43AB-B862-6A7E4552C13D}.Debug|Any CPU.ActiveCfg = Debug|Any CPU
		{B2288DB6-CF50-43AB-B862-6A7E4552C13D}.Debug|Any CPU.Build.0 = Debug|Any CPU
		{B2288DB6-CF50-43AB-B862-6A7E4552C13D}.Release|Any CPU.ActiveCfg = Release|Any CPU
		{B2288DB6-CF50-43AB-B862-6A7E4552C13D}.Release|Any CPU.Build.0 = Release|Any CPU
	EndGlobalSection
	GlobalSection(SolutionProperties) = preSolution
		HideSolutionNode = FALSE
	EndGlobalSection
	GlobalSection(ExtensibilityGlobals) = postSolution
		SolutionGuid = {A1D767F5-7E46-45E9-B53F-1686E4CDACAE}
	EndGlobalSection
EndGlobal
